
Microsoft Visual Studio Solution File, Format Version 12.00
# Visual Studio Version 17
VisualStudioVersion = 17.4.33110.190
MinimumVisualStudioVersion = 10.0.40219.1
Project("{8BC9CEB8-8B4A-11D0-8D11-00A0C91BC942}") = "10th_week_project.10_code", "10th_week_project.10_code\10th_week_project.10_code.vcxproj", "{FD3CB759-30B5-406D-833E-555EF051D894}"
EndProject
Global
	GlobalSection(SolutionConfigurationPlatforms) = preSolution
		Debug|x64 = Debug|x64
		Debug|x86 = Debug|x86
		Release|x64 = Release|x64
		Release|x86 = Release|x86
	EndGlobalSection
	GlobalSection(ProjectConfigurationPlatforms) = postSolution
		{FD3CB759-30B5-406D-833E-555EF051D894}.Debug|x64.ActiveCfg = Debug|x64
		{FD3CB759-30B5-406D-833E-555EF051D894}.Debug|x64.Build.0 = Debug|x64
		{FD3CB759-30B5-406D-833E-555EF051D894}.Debug|x86.ActiveCfg = Debug|Win32
		{FD3CB759-30B5-406D-833E-555EF051D894}.Debug|x86.Build.0 = Debug|Win32
		{FD3CB759-30B5-406D-833E-555EF051D894}.Release|x64.ActiveCfg = Release|x64
		{FD3CB759-30B5-406D-833E-555EF051D894}.Release|x64.Build.0 = Release|x64
		{FD3CB759-30B5-406D-833E-555EF051D894}.Release|x86.ActiveCfg = Release|Win32
		{FD3CB759-30B5-406D-833E-555EF051D894}.Release|x86.Build.0 = Release|Win32
	EndGlobalSection
	GlobalSection(SolutionProperties) = preSolution
		HideSolutionNode = FALSE
	EndGlobalSection
	GlobalSection(ExtensibilityGlobals) = postSolution
		SolutionGuid = {2C40F6F7-6DEB-4BA3-B17D-CC14FB605971}
	EndGlobalSection
EndGlobal
