
Microsoft Visual Studio Solution File, Format Version 12.00
# Visual Studio Version 17
VisualStudioVersion = 17.3.32929.385
MinimumVisualStudioVersion = 10.0.40219.1
Project("{8BC9CEB8-8B4A-11D0-8D11-00A0C91BC942}") = "2nd_week_project.2", "2nd_week_project.2\2nd_week_project.2.vcxproj", "{2617697C-0059-42A8-AFB7-F6D24446B19C}"
EndProject
Global
	GlobalSection(SolutionConfigurationPlatforms) = preSolution
		Debug|x64 = Debug|x64
		Debug|x86 = Debug|x86
		Release|x64 = Release|x64
		Release|x86 = Release|x86
	EndGlobalSection
	GlobalSection(ProjectConfigurationPlatforms) = postSolution
		{2617697C-0059-42A8-AFB7-F6D24446B19C}.Debug|x64.ActiveCfg = Debug|x64
		{2617697C-0059-42A8-AFB7-F6D24446B19C}.Debug|x64.Build.0 = Debug|x64
		{2617697C-0059-42A8-AFB7-F6D24446B19C}.Debug|x86.ActiveCfg = Debug|Win32
		{2617697C-0059-42A8-AFB7-F6D24446B19C}.Debug|x86.Build.0 = Debug|Win32
		{2617697C-0059-42A8-AFB7-F6D24446B19C}.Release|x64.ActiveCfg = Release|x64
		{2617697C-0059-42A8-AFB7-F6D24446B19C}.Release|x64.Build.0 = Release|x64
		{2617697C-0059-42A8-AFB7-F6D24446B19C}.Release|x86.ActiveCfg = Release|Win32
		{2617697C-0059-42A8-AFB7-F6D24446B19C}.Release|x86.Build.0 = Release|Win32
	EndGlobalSection
	GlobalSection(SolutionProperties) = preSolution
		HideSolutionNode = FALSE
	EndGlobalSection
	GlobalSection(ExtensibilityGlobals) = postSolution
		SolutionGuid = {DF788C49-797C-447D-B0D7-793EED04B154}
	EndGlobalSection
EndGlobal
