
Microsoft Visual Studio Solution File, Format Version 12.00
# Visual Studio Version 17
VisualStudioVersion = 17.3.32929.385
MinimumVisualStudioVersion = 10.0.40219.1
Project("{8BC9CEB8-8B4A-11D0-8D11-00A0C91BC942}") = "4th_week_project.3-1_code", "4th_week_project.3-1_code\4th_week_project.3-1_code.vcxproj", "{07E24D3D-C2DA-4239-8114-0D2CB6ED04C4}"
EndProject
Global
	GlobalSection(SolutionConfigurationPlatforms) = preSolution
		Debug|x64 = Debug|x64
		Debug|x86 = Debug|x86
		Release|x64 = Release|x64
		Release|x86 = Release|x86
	EndGlobalSection
	GlobalSection(ProjectConfigurationPlatforms) = postSolution
		{07E24D3D-C2DA-4239-8114-0D2CB6ED04C4}.Debug|x64.ActiveCfg = Debug|x64
		{07E24D3D-C2DA-4239-8114-0D2CB6ED04C4}.Debug|x64.Build.0 = Debug|x64
		{07E24D3D-C2DA-4239-8114-0D2CB6ED04C4}.Debug|x86.ActiveCfg = Debug|Win32
		{07E24D3D-C2DA-4239-8114-0D2CB6ED04C4}.Debug|x86.Build.0 = Debug|Win32
		{07E24D3D-C2DA-4239-8114-0D2CB6ED04C4}.Release|x64.ActiveCfg = Release|x64
		{07E24D3D-C2DA-4239-8114-0D2CB6ED04C4}.Release|x64.Build.0 = Release|x64
		{07E24D3D-C2DA-4239-8114-0D2CB6ED04C4}.Release|x86.ActiveCfg = Release|Win32
		{07E24D3D-C2DA-4239-8114-0D2CB6ED04C4}.Release|x86.Build.0 = Release|Win32
	EndGlobalSection
	GlobalSection(SolutionProperties) = preSolution
		HideSolutionNode = FALSE
	EndGlobalSection
	GlobalSection(ExtensibilityGlobals) = postSolution
		SolutionGuid = {9691A09F-F99E-44A5-9152-817714743541}
	EndGlobalSection
EndGlobal
