
Microsoft Visual Studio Solution File, Format Version 12.00
# Visual Studio Version 17
VisualStudioVersion = 17.3.32929.385
MinimumVisualStudioVersion = 10.0.40219.1
Project("{8BC9CEB8-8B4A-11D0-8D11-00A0C91BC942}") = "4th_week_project.1_code", "4th_week_project.1_code\4th_week_project.1_code.vcxproj", "{C043D33A-08A6-45B1-B279-21BB540E2BF0}"
EndProject
Global
	GlobalSection(SolutionConfigurationPlatforms) = preSolution
		Debug|x64 = Debug|x64
		Debug|x86 = Debug|x86
		Release|x64 = Release|x64
		Release|x86 = Release|x86
	EndGlobalSection
	GlobalSection(ProjectConfigurationPlatforms) = postSolution
		{C043D33A-08A6-45B1-B279-21BB540E2BF0}.Debug|x64.ActiveCfg = Debug|x64
		{C043D33A-08A6-45B1-B279-21BB540E2BF0}.Debug|x64.Build.0 = Debug|x64
		{C043D33A-08A6-45B1-B279-21BB540E2BF0}.Debug|x86.ActiveCfg = Debug|Win32
		{C043D33A-08A6-45B1-B279-21BB540E2BF0}.Debug|x86.Build.0 = Debug|Win32
		{C043D33A-08A6-45B1-B279-21BB540E2BF0}.Release|x64.ActiveCfg = Release|x64
		{C043D33A-08A6-45B1-B279-21BB540E2BF0}.Release|x64.Build.0 = Release|x64
		{C043D33A-08A6-45B1-B279-21BB540E2BF0}.Release|x86.ActiveCfg = Release|Win32
		{C043D33A-08A6-45B1-B279-21BB540E2BF0}.Release|x86.Build.0 = Release|Win32
	EndGlobalSection
	GlobalSection(SolutionProperties) = preSolution
		HideSolutionNode = FALSE
	EndGlobalSection
	GlobalSection(ExtensibilityGlobals) = postSolution
		SolutionGuid = {5266DC82-6B1D-4552-A433-9F05D3E1A894}
	EndGlobalSection
EndGlobal
